
Microsoft Visual Studio Solution File, Format Version 12.00
# Visual Studio Version 17
VisualStudioVersion = 17.1.32328.378
MinimumVisualStudioVersion = 10.0.40219.1
Project("{FAE04EC0-301F-11D3-BF4B-00C04F79EFBC}") = "HashTable", "HashTable\HashTable.csproj", "{996208FF-F111-4B3D-AB71-7D72A607F759}"
EndProject
Project("{FAE04EC0-301F-11D3-BF4B-00C04F79EFBC}") = "HashTest", "HashTest\HashTest.csproj", "{0E6D817B-1B9F-483A-9544-2230CE1E1494}"
EndProject
Global
	GlobalSection(SolutionConfigurationPlatforms) = preSolution
		Debug|Any CPU = Debug|Any CPU
		Release|Any CPU = Release|Any CPU
	EndGlobalSection
	GlobalSection(ProjectConfigurationPlatforms) = postSolution
		{996208FF-F111-4B3D-AB71-7D72A607F759}.Debug|Any CPU.ActiveCfg = Debug|Any CPU
		{996208FF-F111-4B3D-AB71-7D72A607F759}.Debug|Any CPU.Build.0 = Debug|Any CPU
		{996208FF-F111-4B3D-AB71-7D72A607F759}.Release|Any CPU.ActiveCfg = Release|Any CPU
		{996208FF-F111-4B3D-AB71-7D72A607F759}.Release|Any CPU.Build.0 = Release|Any CPU
		{0E6D817B-1B9F-483A-9544-2230CE1E1494}.Debug|Any CPU.ActiveCfg = Debug|Any CPU
		{0E6D817B-1B9F-483A-9544-2230CE1E1494}.Debug|Any CPU.Build.0 = Debug|Any CPU
		{0E6D817B-1B9F-483A-9544-2230CE1E1494}.Release|Any CPU.ActiveCfg = Release|Any CPU
		{0E6D817B-1B9F-483A-9544-2230CE1E1494}.Release|Any CPU.Build.0 = Release|Any CPU
	EndGlobalSection
	GlobalSection(SolutionProperties) = preSolution
		HideSolutionNode = FALSE
	EndGlobalSection
	GlobalSection(ExtensibilityGlobals) = postSolution
		SolutionGuid = {B4DD6CCF-C2B0-472E-825E-F690F38B8D97}
	EndGlobalSection
EndGlobal
