
Microsoft Visual Studio Solution File, Format Version 12.00
# Visual Studio Version 16
VisualStudioVersion = 16.0.30114.105
MinimumVisualStudioVersion = 10.0.40219.1
Project("{FAE04EC0-301F-11D3-BF4B-00C04F79EFBC}") = "Observer1", "Observer1\Observer1.csproj", "{CC34823D-E582-4D81-A3F2-FF30C8A440BC}"
EndProject
Project("{FAE04EC0-301F-11D3-BF4B-00C04F79EFBC}") = "Observer2", "Observer2\Observer2.csproj", "{67FE5FFB-C359-423B-9443-1E2C3B32D728}"
EndProject
Project("{FAE04EC0-301F-11D3-BF4B-00C04F79EFBC}") = "Observer3", "Observer3\Observer3.csproj", "{834B093B-AA83-4165-93EB-99C97DEF5472}"
EndProject
Project("{FAE04EC0-301F-11D3-BF4B-00C04F79EFBC}") = "Strategy", "Strategy\Strategy.csproj", "{EB3CF5D1-9400-4E5A-B81F-1FCCA9D7396A}"
EndProject
Global
	GlobalSection(SolutionConfigurationPlatforms) = preSolution
		Debug|Any CPU = Debug|Any CPU
		Debug|x64 = Debug|x64
		Debug|x86 = Debug|x86
		Release|Any CPU = Release|Any CPU
		Release|x64 = Release|x64
		Release|x86 = Release|x86
	EndGlobalSection
	GlobalSection(SolutionProperties) = preSolution
		HideSolutionNode = FALSE
	EndGlobalSection
	GlobalSection(ProjectConfigurationPlatforms) = postSolution
		{CC34823D-E582-4D81-A3F2-FF30C8A440BC}.Debug|Any CPU.ActiveCfg = Debug|Any CPU
		{CC34823D-E582-4D81-A3F2-FF30C8A440BC}.Debug|Any CPU.Build.0 = Debug|Any CPU
		{CC34823D-E582-4D81-A3F2-FF30C8A440BC}.Debug|x64.ActiveCfg = Debug|Any CPU
		{CC34823D-E582-4D81-A3F2-FF30C8A440BC}.Debug|x64.Build.0 = Debug|Any CPU
		{CC34823D-E582-4D81-A3F2-FF30C8A440BC}.Debug|x86.ActiveCfg = Debug|Any CPU
		{CC34823D-E582-4D81-A3F2-FF30C8A440BC}.Debug|x86.Build.0 = Debug|Any CPU
		{CC34823D-E582-4D81-A3F2-FF30C8A440BC}.Release|Any CPU.ActiveCfg = Release|Any CPU
		{CC34823D-E582-4D81-A3F2-FF30C8A440BC}.Release|Any CPU.Build.0 = Release|Any CPU
		{CC34823D-E582-4D81-A3F2-FF30C8A440BC}.Release|x64.ActiveCfg = Release|Any CPU
		{CC34823D-E582-4D81-A3F2-FF30C8A440BC}.Release|x64.Build.0 = Release|Any CPU
		{CC34823D-E582-4D81-A3F2-FF30C8A440BC}.Release|x86.ActiveCfg = Release|Any CPU
		{CC34823D-E582-4D81-A3F2-FF30C8A440BC}.Release|x86.Build.0 = Release|Any CPU
		{67FE5FFB-C359-423B-9443-1E2C3B32D728}.Debug|Any CPU.ActiveCfg = Debug|Any CPU
		{67FE5FFB-C359-423B-9443-1E2C3B32D728}.Debug|Any CPU.Build.0 = Debug|Any CPU
		{67FE5FFB-C359-423B-9443-1E2C3B32D728}.Debug|x64.ActiveCfg = Debug|Any CPU
		{67FE5FFB-C359-423B-9443-1E2C3B32D728}.Debug|x64.Build.0 = Debug|Any CPU
		{67FE5FFB-C359-423B-9443-1E2C3B32D728}.Debug|x86.ActiveCfg = Debug|Any CPU
		{67FE5FFB-C359-423B-9443-1E2C3B32D728}.Debug|x86.Build.0 = Debug|Any CPU
		{67FE5FFB-C359-423B-9443-1E2C3B32D728}.Release|Any CPU.ActiveCfg = Release|Any CPU
		{67FE5FFB-C359-423B-9443-1E2C3B32D728}.Release|Any CPU.Build.0 = Release|Any CPU
		{67FE5FFB-C359-423B-9443-1E2C3B32D728}.Release|x64.ActiveCfg = Release|Any CPU
		{67FE5FFB-C359-423B-9443-1E2C3B32D728}.Release|x64.Build.0 = Release|Any CPU
		{67FE5FFB-C359-423B-9443-1E2C3B32D728}.Release|x86.ActiveCfg = Release|Any CPU
		{67FE5FFB-C359-423B-9443-1E2C3B32D728}.Release|x86.Build.0 = Release|Any CPU
		{834B093B-AA83-4165-93EB-99C97DEF5472}.Debug|Any CPU.ActiveCfg = Debug|Any CPU
		{834B093B-AA83-4165-93EB-99C97DEF5472}.Debug|Any CPU.Build.0 = Debug|Any CPU
		{834B093B-AA83-4165-93EB-99C97DEF5472}.Debug|x64.ActiveCfg = Debug|Any CPU
		{834B093B-AA83-4165-93EB-99C97DEF5472}.Debug|x64.Build.0 = Debug|Any CPU
		{834B093B-AA83-4165-93EB-99C97DEF5472}.Debug|x86.ActiveCfg = Debug|Any CPU
		{834B093B-AA83-4165-93EB-99C97DEF5472}.Debug|x86.Build.0 = Debug|Any CPU
		{834B093B-AA83-4165-93EB-99C97DEF5472}.Release|Any CPU.ActiveCfg = Release|Any CPU
		{834B093B-AA83-4165-93EB-99C97DEF5472}.Release|Any CPU.Build.0 = Release|Any CPU
		{834B093B-AA83-4165-93EB-99C97DEF5472}.Release|x64.ActiveCfg = Release|Any CPU
		{834B093B-AA83-4165-93EB-99C97DEF5472}.Release|x64.Build.0 = Release|Any CPU
		{834B093B-AA83-4165-93EB-99C97DEF5472}.Release|x86.ActiveCfg = Release|Any CPU
		{834B093B-AA83-4165-93EB-99C97DEF5472}.Release|x86.Build.0 = Release|Any CPU
		{EB3CF5D1-9400-4E5A-B81F-1FCCA9D7396A}.Debug|Any CPU.ActiveCfg = Debug|Any CPU
		{EB3CF5D1-9400-4E5A-B81F-1FCCA9D7396A}.Debug|Any CPU.Build.0 = Debug|Any CPU
		{EB3CF5D1-9400-4E5A-B81F-1FCCA9D7396A}.Debug|x64.ActiveCfg = Debug|Any CPU
		{EB3CF5D1-9400-4E5A-B81F-1FCCA9D7396A}.Debug|x64.Build.0 = Debug|Any CPU
		{EB3CF5D1-9400-4E5A-B81F-1FCCA9D7396A}.Debug|x86.ActiveCfg = Debug|Any CPU
		{EB3CF5D1-9400-4E5A-B81F-1FCCA9D7396A}.Debug|x86.Build.0 = Debug|Any CPU
		{EB3CF5D1-9400-4E5A-B81F-1FCCA9D7396A}.Release|Any CPU.ActiveCfg = Release|Any CPU
		{EB3CF5D1-9400-4E5A-B81F-1FCCA9D7396A}.Release|Any CPU.Build.0 = Release|Any CPU
		{EB3CF5D1-9400-4E5A-B81F-1FCCA9D7396A}.Release|x64.ActiveCfg = Release|Any CPU
		{EB3CF5D1-9400-4E5A-B81F-1FCCA9D7396A}.Release|x64.Build.0 = Release|Any CPU
		{EB3CF5D1-9400-4E5A-B81F-1FCCA9D7396A}.Release|x86.ActiveCfg = Release|Any CPU
		{EB3CF5D1-9400-4E5A-B81F-1FCCA9D7396A}.Release|x86.Build.0 = Release|Any CPU
	EndGlobalSection
EndGlobal
